{
  "name": "grunt-shrinkwrapsy",
  "version": "0.1.1",
  "dependencies": {
    "grunt-cli": {
      "version": "0.1.13",
      "from": "grunt-cli@>=0.1.1 <0.2.0",
      "resolved": "https://registry.npmjs.org/grunt-cli/-/grunt-cli-0.1.13.tgz",
      "dependencies": {
        "nopt": {
          "version": "1.0.10",
          "from": "nopt@>=1.0.10 <1.1.0",
          "resolved": "https://registry.npmjs.org/nopt/-/nopt-1.0.10.tgz",
          "dependencies": {
            "abbrev": {
              "version": "1.0.5",
              "from": "abbrev@>=1.0.0 <2.0.0",
              "resolved": "https://registry.npmjs.org/abbrev/-/abbrev-1.0.5.tgz"
            }
          }
        },
        "findup-sync": {
          "version": "0.1.3",
          "from": "findup-sync@>=0.1.0 <0.2.0",
          "resolved": "https://registry.npmjs.org/findup-sync/-/findup-sync-0.1.3.tgz",
          "dependencies": {
            "glob": {
              "version": "3.2.11",
              "from": "glob@>=3.2.9 <3.3.0",
              "resolved": "https://registry.npmjs.org/glob/-/glob-3.2.11.tgz",
              "dependencies": {
                "inherits": {
                  "version": "2.0.1",
                  "from": "inherits@>=2.0.0 <3.0.0",
                  "resolved": "https://registry.npmjs.org/inherits/-/inherits-2.0.1.tgz"
                },
                "minimatch": {
                  "version": "0.3.0",
                  "from": "minimatch@>=0.3.0 <0.4.0",
                  "resolved": "https://registry.npmjs.org/minimatch/-/minimatch-0.3.0.tgz",
                  "dependencies": {
                    "lru-cache": {
                      "version": "2.5.0",
                      "from": "lru-cache@>=2.0.0 <3.0.0",
                      "resolved": "https://registry.npmjs.org/lru-cache/-/lru-cache-2.5.0.tgz"
                    },
                    "sigmund": {
                      "version": "1.0.0",
                      "from": "sigmund@>=1.0.0 <1.1.0",
                      "resolved": "https://registry.npmjs.org/sigmund/-/sigmund-1.0.0.tgz"
                    }
                  }
                }
              }
            },
            "lodash": {
              "version": "2.4.1",
              "from": "lodash@>=2.4.1 <2.5.0",
              "resolved": "https://registry.npmjs.org/lodash/-/lodash-2.4.1.tgz"
            }
          }
        },
        "resolve": {
          "version": "0.3.1",
          "from": "resolve@>=0.3.1 <0.4.0",
          "resolved": "https://registry.npmjs.org/resolve/-/resolve-0.3.1.tgz"
        }
      }
    },
    "shelljs": {
      "version": "0.3.0",
      "from": "shelljs@*",
      "resolved": "https://registry.npmjs.org/shelljs/-/shelljs-0.3.0.tgz"
    }
  }
}
